# This file is automatically @generated by Cargo.
# It is not intended for manual editing.
version = 4

[[package]]
name = "autocfg"
version = "1.5.0"
source = "registry+https://github.com/rust-lang/crates.io-index"
checksum = "c08606f8c3cbf4ce6ec8e28fb0014a2c086708fe954eaa885384a6165172e7e8"

[[package]]
name = "bitflags"
version = "1.3.2"
source = "registry+https://github.com/rust-lang/crates.io-index"
checksum = "bef38d45163c2f1dde094a7dfd33ccf595c92905c8f8f4fdc18d06fb1037718a"

[[package]]
name = "bitflags"
version = "2.11.0"
source = "registry+https://github.com/rust-lang/crates.io-index"
checksum = "843867be96c8daad0d758b57df9392b6d8d271134fce549de6ce169ff98a92af"

[[package]]
name = "bitpacking"
version = "0.9.3"
source = "registry+https://github.com/rust-lang/crates.io-index"
checksum = "96a7139abd3d9cebf8cd6f920a389cf3dc9576172e32f4563f188cae3c3eb019"
dependencies = [
 "crunchy",
]

[[package]]
name = "bytemuck"
version = "1.25.0"
source = "registry+https://github.com/rust-lang/crates.io-index"
checksum = "c8efb64bd706a16a1bdde310ae86b351e4d21550d98d056f22f8a7f7a2183fec"
dependencies = [
 "bytemuck_derive",
]

[[package]]
name = "bytemuck_derive"
version = "1.10.2"
source = "registry+https://github.com/rust-lang/crates.io-index"
checksum = "f9abbd1bc6865053c427f7198e6af43bfdedc55ab791faed4fbd361d789575ff"
dependencies = [
 "proc-macro2",
 "quote",
 "syn",
]

[[package]]
name = "byteorder"
version = "1.5.0"
source = "registry+https://github.com/rust-lang/crates.io-index"
checksum = "1fd0f2584146f6f2ef48085050886acf353beff7305ebd1ae69500e27c67f64b"

[[package]]
name = "cfg-if"
version = "1.0.4"
source = "registry+https://github.com/rust-lang/crates.io-index"
checksum = "9330f8b2ff13f34540b44e946ef35111825727b38d33286ef986142615121801"

[[package]]
name = "coe-rs"
version = "0.1.2"
source = "registry+https://github.com/rust-lang/crates.io-index"
checksum = "7e8f1e641542c07631228b1e0dc04b69ae3c1d58ef65d5691a439711d805c698"

[[package]]
name = "crossbeam-deque"
version = "0.8.6"
source = "registry+https://github.com/rust-lang/crates.io-index"
checksum = "9dd111b7b7f7d55b72c0a6ae361660ee5853c9af73f70c3c2ef6858b950e2e51"
dependencies = [
 "crossbeam-epoch",
 "crossbeam-utils",
]

[[package]]
name = "crossbeam-epoch"
version = "0.9.18"
source = "registry+https://github.com/rust-lang/crates.io-index"
checksum = "5b82ac4a3c2ca9c3460964f020e1402edd5753411d7737aa39c3714ad1b5420e"
dependencies = [
 "crossbeam-utils",
]

[[package]]
name = "crossbeam-utils"
version = "0.8.21"
source = "registry+https://github.com/rust-lang/crates.io-index"
checksum = "d0a5c400df2834b80a4c3327b3aad3a4c4cd4de0629063962b03235697506a28"

[[package]]
name = "crunchy"
version = "0.2.4"
source = "registry+https://github.com/rust-lang/crates.io-index"
checksum = "460fbee9c2c2f33933d720630a6a0bac33ba7053db5344fac858d4b8952d77d5"

[[package]]
name = "dbgf"
version = "0.1.2"
source = "registry+https://github.com/rust-lang/crates.io-index"
checksum = "e6ca96b45ca70b8045e0462f191bd209fcb3c3bfe8dbfb1257ada54c4dd59169"

[[package]]
name = "dyn-stack"
version = "0.10.0"
source = "registry+https://github.com/rust-lang/crates.io-index"
checksum = "56e53799688f5632f364f8fb387488dd05db9fe45db7011be066fc20e7027f8b"
dependencies = [
 "bytemuck",
 "reborrow",
]

[[package]]
name = "dyn-stack"
version = "0.13.2"
source = "registry+https://github.com/rust-lang/crates.io-index"
checksum = "1c4713e43e2886ba72b8271aa66c93d722116acf7a75555cce11dcde84388fe8"
dependencies = [
 "bytemuck",
 "dyn-stack-macros",
]

[[package]]
name = "dyn-stack-macros"
version = "0.1.3"
source = "registry+https://github.com/rust-lang/crates.io-index"
checksum = "e1d926b4d407d372f141f93bb444696142c29d32962ccbd3531117cf3aa0bfa9"

[[package]]
name = "either"
version = "1.15.0"
source = "registry+https://github.com/rust-lang/crates.io-index"
checksum = "48c757948c5ede0e46177b7add2e67155f70e33c07fea8284df6576da70b3719"

[[package]]
name = "entropy-map"
version = "1.1.0"
source = "registry+https://github.com/rust-lang/crates.io-index"
checksum = "4fa78f9ba0b54e1cc0dd0e2004d00534d19097b1975ea4a0a57e70691e07398d"
dependencies = [
 "bitpacking",
 "num",
 "wyhash",
]

[[package]]
name = "enum-as-inner"
version = "0.6.1"
source = "registry+https://github.com/rust-lang/crates.io-index"
checksum = "a1e6a265c649f3f5979b601d26f1d05ada116434c87741c9493cb56218f76cbc"
dependencies = [
 "heck",
 "proc-macro2",
 "quote",
 "syn",
]

[[package]]
name = "equator"
version = "0.1.10"
source = "registry+https://github.com/rust-lang/crates.io-index"
checksum = "a3b0a88aa91d0ad2b9684e4479aed31a17d3f9051bdbbc634bd2c01bc5a5eee8"
dependencies = [
 "equator-macro",
]

[[package]]
name = "equator-macro"
version = "0.1.9"
source = "registry+https://github.com/rust-lang/crates.io-index"
checksum = "60d08acb9849f7fb4401564f251be5a526829183a3645a90197dea8e786cf3ae"
dependencies = [
 "proc-macro2",
 "quote",
 "syn",
]

[[package]]
name = "faer-core"
version = "0.17.1"
source = "registry+https://github.com/rust-lang/crates.io-index"
checksum = "32da0f6262445261106407bdfb548df4f8f1c89bcc3cff1bb6d08e7f525b575a"
dependencies = [
 "bytemuck",
 "coe-rs",
 "dyn-stack 0.10.0",
 "equator",
 "faer-entity",
 "gemm",
 "matrixcompare-core",
 "num-complex",
 "num-traits",
 "paste",
 "pulp",
 "rayon",
 "reborrow",
 "seq-macro",
 "serde",
]

[[package]]
name = "faer-entity"
version = "0.17.0"
source = "registry+https://github.com/rust-lang/crates.io-index"
checksum = "93fb12f36da3162b3fefc0c7343d905d5bd2c2bf444a7f63ceeaa2bc003311d3"
dependencies = [
 "bytemuck",
 "coe-rs",
 "libm",
 "num-complex",
 "num-traits",
 "pulp",
 "reborrow",
]

[[package]]
name = "faer-qr"
version = "0.17.1"
source = "registry+https://github.com/rust-lang/crates.io-index"
checksum = "26951fb0b7e37915342e0f03324d45560b2c5092787af16a01d7bb34e44b8563"
dependencies = [
 "bytemuck",
 "coe-rs",
 "dyn-stack 0.10.0",
 "faer-core",
 "faer-entity",
 "num-complex",
 "num-traits",
 "pulp",
 "rayon",
 "reborrow",
]

[[package]]
name = "faer-svd"
version = "0.17.1"
source = "registry+https://github.com/rust-lang/crates.io-index"
checksum = "43f99c35d92fe6e46b5a00dfeaa0bf8a728acb0ea643962137c2016adb990cc9"
dependencies = [
 "bytemuck",
 "coe-rs",
 "dbgf",
 "dyn-stack 0.10.0",
 "faer-core",
 "faer-entity",
 "faer-qr",
 "num-complex",
 "num-traits",
 "pulp",
 "reborrow",
]

[[package]]
name = "gemm"
version = "0.17.1"
source = "registry+https://github.com/rust-lang/crates.io-index"
checksum = "6ab24cc62135b40090e31a76a9b2766a501979f3070fa27f689c27ec04377d32"
dependencies = [
 "dyn-stack 0.10.0",
 "gemm-c32",
 "gemm-c64",
 "gemm-common",
 "gemm-f16",
 "gemm-f32",
 "gemm-f64",
 "num-complex",
 "num-traits",
 "paste",
 "raw-cpuid",
 "seq-macro",
]

[[package]]
name = "gemm-c32"
version = "0.17.1"
source = "registry+https://github.com/rust-lang/crates.io-index"
checksum = "b9c030d0b983d1e34a546b86e08f600c11696fde16199f971cd46c12e67512c0"
dependencies = [
 "dyn-stack 0.10.0",
 "gemm-common",
 "num-complex",
 "num-traits",
 "paste",
 "raw-cpuid",
 "seq-macro",
]

[[package]]
name = "gemm-c64"
version = "0.17.1"
source = "registry+https://github.com/rust-lang/crates.io-index"
checksum = "fbb5f2e79fefb9693d18e1066a557b4546cd334b226beadc68b11a8f9431852a"
dependencies = [
 "dyn-stack 0.10.0",
 "gemm-common",
 "num-complex",
 "num-traits",
 "paste",
 "raw-cpuid",
 "seq-macro",
]

[[package]]
name = "gemm-common"
version = "0.17.1"
source = "registry+https://github.com/rust-lang/crates.io-index"
checksum = "a2e7ea062c987abcd8db95db917b4ffb4ecdfd0668471d8dc54734fdff2354e8"
dependencies = [
 "bytemuck",
 "dyn-stack 0.10.0",
 "half",
 "num-complex",
 "num-traits",
 "once_cell",
 "paste",
 "pulp",
 "raw-cpuid",
 "rayon",
 "seq-macro",
 "sysctl",
]

[[package]]
name = "gemm-f16"
version = "0.17.1"
source = "registry+https://github.com/rust-lang/crates.io-index"
checksum = "7ca4c06b9b11952071d317604acb332e924e817bd891bec8dfb494168c7cedd4"
dependencies = [
 "dyn-stack 0.10.0",
 "gemm-common",
 "gemm-f32",
 "half",
 "num-complex",
 "num-traits",
 "paste",
 "raw-cpuid",
 "rayon",
 "seq-macro",
]

[[package]]
name = "gemm-f32"
version = "0.17.1"
source = "registry+https://github.com/rust-lang/crates.io-index"
checksum = "e9a69f51aaefbd9cf12d18faf273d3e982d9d711f60775645ed5c8047b4ae113"
dependencies = [
 "dyn-stack 0.10.0",
 "gemm-common",
 "num-complex",
 "num-traits",
 "paste",
 "raw-cpuid",
 "seq-macro",
]

[[package]]
name = "gemm-f64"
version = "0.17.1"
source = "registry+https://github.com/rust-lang/crates.io-index"
checksum = "aa397a48544fadf0b81ec8741e5c0fba0043008113f71f2034def1935645d2b0"
dependencies = [
 "dyn-stack 0.10.0",
 "gemm-common",
 "num-complex",
 "num-traits",
 "paste",
 "raw-cpuid",
 "seq-macro",
]

[[package]]
name = "half"
version = "2.7.1"
source = "registry+https://github.com/rust-lang/crates.io-index"
checksum = "6ea2d84b969582b4b1864a92dc5d27cd2b77b622a8d79306834f1be5ba20d84b"
dependencies = [
 "bytemuck",
 "cfg-if",
 "crunchy",
 "num-traits",
 "zerocopy",
]

[[package]]
name = "heck"
version = "0.5.0"
source = "registry+https://github.com/rust-lang/crates.io-index"
checksum = "2304e00983f87ffb38b55b444b5e3b60a884b5d30c0fca7d82fe33449bbe55ea"

[[package]]
name = "libc"
version = "0.2.184"
source = "registry+https://github.com/rust-lang/crates.io-index"
checksum = "48f5d2a454e16a5ea0f4ced81bd44e4cfc7bd3a507b61887c99fd3538b28e4af"

[[package]]
name = "libm"
version = "0.2.16"
source = "registry+https://github.com/rust-lang/crates.io-index"
checksum = "b6d2cec3eae94f9f509c767b45932f1ada8350c4bdb85af2fcab4a3c14807981"

[[package]]
name = "matrixcompare-core"
version = "0.1.0"
source = "registry+https://github.com/rust-lang/crates.io-index"
checksum = "b0bdabb30db18805d5290b3da7ceaccbddba795620b86c02145d688e04900a73"

[[package]]
name = "matrixmultiply"
version = "0.3.10"
source = "registry+https://github.com/rust-lang/crates.io-index"
checksum = "a06de3016e9fae57a36fd14dba131fccf49f74b40b7fbdb472f96e361ec71a08"
dependencies = [
 "autocfg",
 "rawpointer",
]

[[package]]
name = "ndarray"
version = "0.17.2"
source = "registry+https://github.com/rust-lang/crates.io-index"
checksum = "520080814a7a6b4a6e9070823bb24b4531daac8c4627e08ba5de8c5ef2f2752d"
dependencies = [
 "matrixmultiply",
 "num-complex",
 "num-integer",
 "num-traits",
 "portable-atomic",
 "portable-atomic-util",
 "rawpointer",
]

[[package]]
name = "num"
version = "0.4.3"
source = "registry+https://github.com/rust-lang/crates.io-index"
checksum = "35bd024e8b2ff75562e5f34e7f4905839deb4b22955ef5e73d2fea1b9813cb23"
dependencies = [
 "num-bigint",
 "num-complex",
 "num-integer",
 "num-iter",
 "num-rational",
 "num-traits",
]

[[package]]
name = "num-bigint"
version = "0.4.6"
source = "registry+https://github.com/rust-lang/crates.io-index"
checksum = "a5e44f723f1133c9deac646763579fdb3ac745e418f2a7af9cd0c431da1f20b9"
dependencies = [
 "num-integer",
 "num-traits",
]

[[package]]
name = "num-complex"
version = "0.4.6"
source = "registry+https://github.com/rust-lang/crates.io-index"
checksum = "73f88a1307638156682bada9d7604135552957b7818057dcef22705b4d509495"
dependencies = [
 "bytemuck",
 "num-traits",
]

[[package]]
name = "num-integer"
version = "0.1.46"
source = "registry+https://github.com/rust-lang/crates.io-index"
checksum = "7969661fd2958a5cb096e56c8e1ad0444ac2bbcd0061bd28660485a44879858f"
dependencies = [
 "num-traits",
]

[[package]]
name = "num-iter"
version = "0.1.45"
source = "registry+https://github.com/rust-lang/crates.io-index"
checksum = "1429034a0490724d0075ebb2bc9e875d6503c3cf69e235a8941aa757d83ef5bf"
dependencies = [
 "autocfg",
 "num-integer",
 "num-traits",
]

[[package]]
name = "num-rational"
version = "0.4.2"
source = "registry+https://github.com/rust-lang/crates.io-index"
checksum = "f83d14da390562dca69fc84082e73e548e1ad308d24accdedd2720017cb37824"
dependencies = [
 "num-bigint",
 "num-integer",
 "num-traits",
]

[[package]]
name = "num-traits"
version = "0.2.19"
source = "registry+https://github.com/rust-lang/crates.io-index"
checksum = "071dfc062690e90b734c0b2273ce72ad0ffa95f0c74596bc250dcfd960262841"
dependencies = [
 "autocfg",
 "libm",
]

[[package]]
name = "numpy"
version = "0.28.0"
source = "registry+https://github.com/rust-lang/crates.io-index"
checksum = "778da78c64ddc928ebf5ad9df5edf0789410ff3bdbf3619aed51cd789a6af1e2"
dependencies = [
 "libc",
 "ndarray",
 "num-complex",
 "num-integer",
 "num-traits",
 "pyo3",
 "pyo3-build-config",
 "rustc-hash",
]

[[package]]
name = "once_cell"
version = "1.21.4"
source = "registry+https://github.com/rust-lang/crates.io-index"
checksum = "9f7c3e4beb33f85d45ae3e3a1792185706c8e16d043238c593331cc7cd313b50"

[[package]]
name = "paste"
version = "1.0.15"
source = "registry+https://github.com/rust-lang/crates.io-index"
checksum = "57c0d7b74b563b49d38dae00a0c37d4d6de9b432382b2892f0574ddcae73fd0a"

[[package]]
name = "portable-atomic"
version = "1.13.1"
source = "registry+https://github.com/rust-lang/crates.io-index"
checksum = "c33a9471896f1c69cecef8d20cbe2f7accd12527ce60845ff44c153bb2a21b49"

[[package]]
name = "portable-atomic-util"
version = "0.2.6"
source = "registry+https://github.com/rust-lang/crates.io-index"
checksum = "091397be61a01d4be58e7841595bd4bfedb15f1cd54977d79b8271e94ed799a3"
dependencies = [
 "portable-atomic",
]

[[package]]
name = "proc-macro2"
version = "1.0.106"
source = "registry+https://github.com/rust-lang/crates.io-index"
checksum = "8fd00f0bb2e90d81d1044c2b32617f68fcb9fa3bb7640c23e9c748e53fb30934"
dependencies = [
 "unicode-ident",
]

[[package]]
name = "pulp"
version = "0.18.22"
source = "registry+https://github.com/rust-lang/crates.io-index"
checksum = "a0a01a0dc67cf4558d279f0c25b0962bd08fc6dec0137699eae304103e882fe6"
dependencies = [
 "bytemuck",
 "libm",
 "num-complex",
 "reborrow",
]

[[package]]
name = "pyo3"
version = "0.28.3"
source = "registry+https://github.com/rust-lang/crates.io-index"
checksum = "91fd8e38a3b50ed1167fb981cd6fd60147e091784c427b8f7183a7ee32c31c12"
dependencies = [
 "libc",
 "once_cell",
 "portable-atomic",
 "pyo3-build-config",
 "pyo3-ffi",
 "pyo3-macros",
]

[[package]]
name = "pyo3-build-config"
version = "0.28.3"
source = "registry+https://github.com/rust-lang/crates.io-index"
checksum = "e368e7ddfdeb98c9bca7f8383be1648fd84ab466bf2bc015e94008db6d35611e"
dependencies = [
 "target-lexicon",
]

[[package]]
name = "pyo3-ffi"
version = "0.28.3"
source = "registry+https://github.com/rust-lang/crates.io-index"
checksum = "7f29e10af80b1f7ccaf7f69eace800a03ecd13e883acfacc1e5d0988605f651e"
dependencies = [
 "libc",
 "pyo3-build-config",
]

[[package]]
name = "pyo3-macros"
version = "0.28.3"
source = "registry+https://github.com/rust-lang/crates.io-index"
checksum = "df6e520eff47c45997d2fc7dd8214b25dd1310918bbb2642156ef66a67f29813"
dependencies = [
 "proc-macro2",
 "pyo3-macros-backend",
 "quote",
 "syn",
]

[[package]]
name = "pyo3-macros-backend"
version = "0.28.3"
source = "registry+https://github.com/rust-lang/crates.io-index"
checksum = "c4cdc218d835738f81c2338f822078af45b4afdf8b2e33cbb5916f108b813acb"
dependencies = [
 "heck",
 "proc-macro2",
 "pyo3-build-config",
 "quote",
 "syn",
]

[[package]]
name = "quote"
version = "1.0.45"
source = "registry+https://github.com/rust-lang/crates.io-index"
checksum = "41f2619966050689382d2b44f664f4bc593e129785a36d6ee376ddf37259b924"
dependencies = [
 "proc-macro2",
]

[[package]]
name = "rand_core"
version = "0.6.4"
source = "registry+https://github.com/rust-lang/crates.io-index"
checksum = "ec0be4795e2f6a28069bec0b5ff3e2ac9bafc99e6a9a7dc3547996c5c816922c"

[[package]]
name = "raw-cpuid"
version = "10.7.0"
source = "registry+https://github.com/rust-lang/crates.io-index"
checksum = "6c297679cb867470fa8c9f67dbba74a78d78e3e98d7cf2b08d6d71540f797332"
dependencies = [
 "bitflags 1.3.2",
]

[[package]]
name = "rawpointer"
version = "0.2.1"
source = "registry+https://github.com/rust-lang/crates.io-index"
checksum = "60a357793950651c4ed0f3f52338f53b2f809f32d83a07f72909fa13e4c6c1e3"

[[package]]
name = "rayon"
version = "1.11.0"
source = "registry+https://github.com/rust-lang/crates.io-index"
checksum = "368f01d005bf8fd9b1206fb6fa653e6c4a81ceb1466406b81792d87c5677a58f"
dependencies = [
 "either",
 "rayon-core",
]

[[package]]
name = "rayon-core"
version = "1.13.0"
source = "registry+https://github.com/rust-lang/crates.io-index"
checksum = "22e18b0f0062d30d4230b2e85ff77fdfe4326feb054b9783a3460d8435c8ab91"
dependencies = [
 "crossbeam-deque",
 "crossbeam-utils",
]

[[package]]
name = "reborrow"
version = "0.5.5"
source = "registry+https://github.com/rust-lang/crates.io-index"
checksum = "03251193000f4bd3b042892be858ee50e8b3719f2b08e5833ac4353724632430"

[[package]]
name = "rustc-hash"
version = "2.1.1"
source = "registry+https://github.com/rust-lang/crates.io-index"
checksum = "357703d41365b4b27c590e3ed91eabb1b663f07c4c084095e60cbed4362dff0d"

[[package]]
name = "safe_arch"
version = "0.9.3"
source = "registry+https://github.com/rust-lang/crates.io-index"
checksum = "629516c85c29fe757770fa03f2074cf1eac43d44c02a3de9fc2ef7b0e207dfdd"
dependencies = [
 "bytemuck",
]

[[package]]
name = "same-file"
version = "1.0.6"
source = "registry+https://github.com/rust-lang/crates.io-index"
checksum = "93fc1dc3aaa9bfed95e02e6eadabb4baf7e3078b0bd1b4d7b6b0b68378900502"
dependencies = [
 "winapi-util",
]

[[package]]
name = "seq-macro"
version = "0.3.6"
source = "registry+https://github.com/rust-lang/crates.io-index"
checksum = "1bc711410fbe7399f390ca1c3b60ad0f53f80e95c5eb935e52268a0e2cd49acc"

[[package]]
name = "serde"
version = "1.0.228"
source = "registry+https://github.com/rust-lang/crates.io-index"
checksum = "9a8e94ea7f378bd32cbbd37198a4a91436180c5bb472411e48b5ec2e2124ae9e"
dependencies = [
 "serde_core",
 "serde_derive",
]

[[package]]
name = "serde_core"
version = "1.0.228"
source = "registry+https://github.com/rust-lang/crates.io-index"
checksum = "41d385c7d4ca58e59fc732af25c3983b67ac852c1a25000afe1175de458b67ad"
dependencies = [
 "serde_derive",
]

[[package]]
name = "serde_derive"
version = "1.0.228"
source = "registry+https://github.com/rust-lang/crates.io-index"
checksum = "d540f220d3187173da220f885ab66608367b6574e925011a9353e4badda91d79"
dependencies = [
 "proc-macro2",
 "quote",
 "syn",
]

[[package]]
name = "sharded-vec-writer"
version = "0.4.0"
source = "registry+https://github.com/rust-lang/crates.io-index"
checksum = "b990b2e423f971a9afaea1fdf46ab3e42197d2577e8ef89f2266c1c26a0731a6"

[[package]]
name = "simd-lookup"
version = "0.1.0"
source = "registry+https://github.com/rust-lang/crates.io-index"
checksum = "923a51b02f548d52583d8c18cfab77f60215bc51f05d3ee458a6f0f2a94cc200"
dependencies = [
 "entropy-map",
 "rustc-hash",
 "wide",
]

[[package]]
name = "sprk"
version = "0.1.0"
dependencies = [
 "dyn-stack 0.13.2",
 "faer-core",
 "faer-svd",
 "num-traits",
 "rayon",
 "sharded-vec-writer",
 "simd-lookup",
 "sprk",
 "wide",
]

[[package]]
name = "sprk-ffi"
version = "0.1.0"
dependencies = [
 "sprk",
]

[[package]]
name = "sprk-python"
version = "0.1.0"
dependencies = [
 "numpy",
 "pyo3",
 "sprk",
]

[[package]]
name = "syn"
version = "2.0.117"
source = "registry+https://github.com/rust-lang/crates.io-index"
checksum = "e665b8803e7b1d2a727f4023456bbbbe74da67099c585258af0ad9c5013b9b99"
dependencies = [
 "proc-macro2",
 "quote",
 "unicode-ident",
]

[[package]]
name = "sysctl"
version = "0.5.5"
source = "registry+https://github.com/rust-lang/crates.io-index"
checksum = "ec7dddc5f0fee506baf8b9fdb989e242f17e4b11c61dfbb0635b705217199eea"
dependencies = [
 "bitflags 2.11.0",
 "byteorder",
 "enum-as-inner",
 "libc",
 "thiserror",
 "walkdir",
]

[[package]]
name = "target-lexicon"
version = "0.13.5"
source = "registry+https://github.com/rust-lang/crates.io-index"
checksum = "adb6935a6f5c20170eeceb1a3835a49e12e19d792f6dd344ccc76a985ca5a6ca"

[[package]]
name = "thiserror"
version = "1.0.69"
source = "registry+https://github.com/rust-lang/crates.io-index"
checksum = "b6aaf5339b578ea85b50e080feb250a3e8ae8cfcdff9a461c9ec2904bc923f52"
dependencies = [
 "thiserror-impl",
]

[[package]]
name = "thiserror-impl"
version = "1.0.69"
source = "registry+https://github.com/rust-lang/crates.io-index"
checksum = "4fee6c4efc90059e10f81e6d42c60a18f76588c3d74cb83a0b242a2b6c7504c1"
dependencies = [
 "proc-macro2",
 "quote",
 "syn",
]

[[package]]
name = "unicode-ident"
version = "1.0.24"
source = "registry+https://github.com/rust-lang/crates.io-index"
checksum = "e6e4313cd5fcd3dad5cafa179702e2b244f760991f45397d14d4ebf38247da75"

[[package]]
name = "walkdir"
version = "2.5.0"
source = "registry+https://github.com/rust-lang/crates.io-index"
checksum = "29790946404f91d9c5d06f9874efddea1dc06c5efe94541a7d6863108e3a5e4b"
dependencies = [
 "same-file",
 "winapi-util",
]

[[package]]
name = "wide"
version = "0.8.3"
source = "registry+https://github.com/rust-lang/crates.io-index"
checksum = "13ca908d26e4786149c48efcf6c0ea09ab0e06d1fe3c17dc1b4b0f1ca4a7e788"
dependencies = [
 "bytemuck",
 "safe_arch",
]

[[package]]
name = "winapi-util"
version = "0.1.11"
source = "registry+https://github.com/rust-lang/crates.io-index"
checksum = "c2a7b1c03c876122aa43f3020e6c3c3ee5c05081c9a00739faf7503aeba10d22"
dependencies = [
 "windows-sys",
]

[[package]]
name = "windows-link"
version = "0.2.1"
source = "registry+https://github.com/rust-lang/crates.io-index"
checksum = "f0805222e57f7521d6a62e36fa9163bc891acd422f971defe97d64e70d0a4fe5"

[[package]]
name = "windows-sys"
version = "0.61.2"
source = "registry+https://github.com/rust-lang/crates.io-index"
checksum = "ae137229bcbd6cdf0f7b80a31df61766145077ddf49416a728b02cb3921ff3fc"
dependencies = [
 "windows-link",
]

[[package]]
name = "wyhash"
version = "0.5.0"
source = "registry+https://github.com/rust-lang/crates.io-index"
checksum = "baf6e163c25e3fac820b4b453185ea2dea3b6a3e0a721d4d23d75bd33734c295"
dependencies = [
 "rand_core",
]

[[package]]
name = "zerocopy"
version = "0.8.48"
source = "registry+https://github.com/rust-lang/crates.io-index"
checksum = "eed437bf9d6692032087e337407a86f04cd8d6a16a37199ed57949d415bd68e9"
dependencies = [
 "zerocopy-derive",
]

[[package]]
name = "zerocopy-derive"
version = "0.8.48"
source = "registry+https://github.com/rust-lang/crates.io-index"
checksum = "70e3cd084b1788766f53af483dd21f93881ff30d7320490ec3ef7526d203bad4"
dependencies = [
 "proc-macro2",
 "quote",
 "syn",
]
